
Microsoft Visual Studio Solution File, Format Version 12.00
# Visual Studio Version 17
VisualStudioVersion = 17.14.36414.22
MinimumVisualStudioVersion = 10.0.40219.1
Project("{FAE04EC0-301F-11D3-BF4B-00C04F79EFBC}") = "massiviii", "massiviii\massiviii.csproj", "{EAACD793-FB10-4C93-AF5A-07A26BD9C852}"
EndProject
Project("{FAE04EC0-301F-11D3-BF4B-00C04F79EFBC}") = "Poisk1", "Poisk1\Poisk1.csproj", "{2AB37512-FED2-4364-BB82-AE56EFE02597}"
EndProject
Global
	GlobalSection(SolutionConfigurationPlatforms) = preSolution
		Debug|Any CPU = Debug|Any CPU
		Release|Any CPU = Release|Any CPU
	EndGlobalSection
	GlobalSection(ProjectConfigurationPlatforms) = postSolution
		{EAACD793-FB10-4C93-AF5A-07A26BD9C852}.Debug|Any CPU.ActiveCfg = Debug|Any CPU
		{EAACD793-FB10-4C93-AF5A-07A26BD9C852}.Debug|Any CPU.Build.0 = Debug|Any CPU
		{EAACD793-FB10-4C93-AF5A-07A26BD9C852}.Release|Any CPU.ActiveCfg = Release|Any CPU
		{EAACD793-FB10-4C93-AF5A-07A26BD9C852}.Release|Any CPU.Build.0 = Release|Any CPU
		{2AB37512-FED2-4364-BB82-AE56EFE02597}.Debug|Any CPU.ActiveCfg = Debug|Any CPU
		{2AB37512-FED2-4364-BB82-AE56EFE02597}.Debug|Any CPU.Build.0 = Debug|Any CPU
		{2AB37512-FED2-4364-BB82-AE56EFE02597}.Release|Any CPU.ActiveCfg = Release|Any CPU
		{2AB37512-FED2-4364-BB82-AE56EFE02597}.Release|Any CPU.Build.0 = Release|Any CPU
	EndGlobalSection
	GlobalSection(SolutionProperties) = preSolution
		HideSolutionNode = FALSE
	EndGlobalSection
	GlobalSection(ExtensibilityGlobals) = postSolution
		SolutionGuid = {E0707FC3-299F-4926-A93E-834BEEDE193D}
	EndGlobalSection
EndGlobal
